<?xml version="1.0" encoding="utf-8"?>
<Project ToolsVersion="4.0" xmlns="http://schemas.microsoft.com/developer/msbuild/2003">
  <ItemGroup>
    <ClCompile Include="main.cpp" />
    <ClCompile Include="thread_pool.cpp">
      <Filter>thread-pool</Filter>
    </ClCompile>
  </ItemGroup>
  <ItemGroup>
    <Filter Include="thread-pool">
      <UniqueIdentifier>{61dddfe1-8606-4bb7-9918-fc47badb33d1}</UniqueIdentifier>
    </Filter>
    <Filter Include="blockig-queue">
      <UniqueIdentifier>{ac0fe1c8-fa61-4553-ad27-5a92d4995ae2}</UniqueIdentifier>
    </Filter>
    <Filter Include="algorithms">
      <UniqueIdentifier>{5fa14d68-caf1-4391-b3d6-407c3f6d872f}</UniqueIdentifier>
    </Filter>
  </ItemGroup>
  <ItemGroup>
    <ClInclude Include="thread_pool.h">
      <Filter>thread-pool</Filter>
    </ClInclude>
    <ClInclude Include="blocking_queue.h">
      <Filter>blockig-queue</Filter>
    </ClInclude>
    <ClInclude Include="algorithm.h">
      <Filter>algorithms</Filter>
    </ClInclude>
  </ItemGroup>
</Project>